
Microsoft Visual Studio Solution File, Format Version 12.00
# Visual Studio Version 16
VisualStudioVersion = 16.0.31129.286
MinimumVisualStudioVersion = 10.0.40219.1
Project("{9A19103F-16F7-4668-BE54-9A1E7A4F7556}") = "TodoList.Web", "TodoList.Web\TodoList.Web.csproj", "{A2CB0929-AB70-48BF-B815-A8E52E163E53}"
EndProject
Project("{9A19103F-16F7-4668-BE54-9A1E7A4F7556}") = "TodoList.Api", "TodoList.Api\TodoList.Api.csproj", "{3F57E1F4-B4F7-4BB0-B781-2C3CE1D11583}"
EndProject
Project("{9A19103F-16F7-4668-BE54-9A1E7A4F7556}") = "TodoList.Domain", "TodoList.Domain\TodoList.Domain.csproj", "{65946515-A4C5-447E-97DA-D3257D47FD88}"
EndProject
Project("{9A19103F-16F7-4668-BE54-9A1E7A4F7556}") = "TodoList.Application", "TodoList.Application\TodoList.Application.csproj", "{FE245121-F8A3-47A3-9576-BEF82A7EA740}"
EndProject
Project("{9A19103F-16F7-4668-BE54-9A1E7A4F7556}") = "TodoList.Persistence", "TodoList.Persistence\TodoList.Persistence.csproj", "{CE1237A3-1467-4ABF-BF20-FEAC4D87014E}"
EndProject
Project("{FAE04EC0-301F-11D3-BF4B-00C04F79EFBC}") = "TodoList.Tests", "TodoList.Tests\TodoList.Tests.csproj", "{BE76DFE8-7BF3-4B57-BCBE-69FC3DCBC522}"
EndProject
Global
	GlobalSection(SolutionConfigurationPlatforms) = preSolution
		Debug|Any CPU = Debug|Any CPU
		Release|Any CPU = Release|Any CPU
	EndGlobalSection
	GlobalSection(ProjectConfigurationPlatforms) = postSolution
		{A2CB0929-AB70-48BF-B815-A8E52E163E53}.Debug|Any CPU.ActiveCfg = Debug|Any CPU
		{A2CB0929-AB70-48BF-B815-A8E52E163E53}.Debug|Any CPU.Build.0 = Debug|Any CPU
		{A2CB0929-AB70-48BF-B815-A8E52E163E53}.Release|Any CPU.ActiveCfg = Release|Any CPU
		{A2CB0929-AB70-48BF-B815-A8E52E163E53}.Release|Any CPU.Build.0 = Release|Any CPU
		{3F57E1F4-B4F7-4BB0-B781-2C3CE1D11583}.Debug|Any CPU.ActiveCfg = Debug|Any CPU
		{3F57E1F4-B4F7-4BB0-B781-2C3CE1D11583}.Debug|Any CPU.Build.0 = Debug|Any CPU
		{3F57E1F4-B4F7-4BB0-B781-2C3CE1D11583}.Release|Any CPU.ActiveCfg = Release|Any CPU
		{3F57E1F4-B4F7-4BB0-B781-2C3CE1D11583}.Release|Any CPU.Build.0 = Release|Any CPU
		{65946515-A4C5-447E-97DA-D3257D47FD88}.Debug|Any CPU.ActiveCfg = Debug|Any CPU
		{65946515-A4C5-447E-97DA-D3257D47FD88}.Debug|Any CPU.Build.0 = Debug|Any CPU
		{65946515-A4C5-447E-97DA-D3257D47FD88}.Release|Any CPU.ActiveCfg = Release|Any CPU
		{65946515-A4C5-447E-97DA-D3257D47FD88}.Release|Any CPU.Build.0 = Release|Any CPU
		{FE245121-F8A3-47A3-9576-BEF82A7EA740}.Debug|Any CPU.ActiveCfg = Debug|Any CPU
		{FE245121-F8A3-47A3-9576-BEF82A7EA740}.Debug|Any CPU.Build.0 = Debug|Any CPU
		{FE245121-F8A3-47A3-9576-BEF82A7EA740}.Release|Any CPU.ActiveCfg = Release|Any CPU
		{FE245121-F8A3-47A3-9576-BEF82A7EA740}.Release|Any CPU.Build.0 = Release|Any CPU
		{CE1237A3-1467-4ABF-BF20-FEAC4D87014E}.Debug|Any CPU.ActiveCfg = Debug|Any CPU
		{CE1237A3-1467-4ABF-BF20-FEAC4D87014E}.Debug|Any CPU.Build.0 = Debug|Any CPU
		{CE1237A3-1467-4ABF-BF20-FEAC4D87014E}.Release|Any CPU.ActiveCfg = Release|Any CPU
		{CE1237A3-1467-4ABF-BF20-FEAC4D87014E}.Release|Any CPU.Build.0 = Release|Any CPU
		{BE76DFE8-7BF3-4B57-BCBE-69FC3DCBC522}.Debug|Any CPU.ActiveCfg = Debug|Any CPU
		{BE76DFE8-7BF3-4B57-BCBE-69FC3DCBC522}.Debug|Any CPU.Build.0 = Debug|Any CPU
		{BE76DFE8-7BF3-4B57-BCBE-69FC3DCBC522}.Release|Any CPU.ActiveCfg = Release|Any CPU
		{BE76DFE8-7BF3-4B57-BCBE-69FC3DCBC522}.Release|Any CPU.Build.0 = Release|Any CPU
	EndGlobalSection
	GlobalSection(SolutionProperties) = preSolution
		HideSolutionNode = FALSE
	EndGlobalSection
	GlobalSection(ExtensibilityGlobals) = postSolution
		SolutionGuid = {37F3C6B3-8F67-4E1E-95CC-88096BDC487A}
	EndGlobalSection
EndGlobal
